
Microsoft Visual Studio Solution File, Format Version 12.00
# Visual Studio Version 17
VisualStudioVersion = 17.8.34316.72
MinimumVisualStudioVersion = 10.0.40219.1
Project("{FAE04EC0-301F-11D3-BF4B-00C04F79EFBC}") = "testConvert", "testConvert\testConvert.csproj", "{D4373FB1-E0CF-4CBF-B253-4F14CC93E8EB}"
EndProject
Project("{2150E333-8FDC-42A3-9474-1A3956D46DE8}") = "Solution Items", "Solution Items", "{73957525-F125-41F7-A925-F3F00AD5DC6B}"
	ProjectSection(SolutionItems) = preProject
		.editorconfig = .editorconfig
	EndProjectSection
EndProject
Global
	GlobalSection(SolutionConfigurationPlatforms) = preSolution
		Debug|Any CPU = Debug|Any CPU
		Release|Any CPU = Release|Any CPU
	EndGlobalSection
	GlobalSection(ProjectConfigurationPlatforms) = postSolution
		{D4373FB1-E0CF-4CBF-B253-4F14CC93E8EB}.Debug|Any CPU.ActiveCfg = Debug|Any CPU
		{D4373FB1-E0CF-4CBF-B253-4F14CC93E8EB}.Debug|Any CPU.Build.0 = Debug|Any CPU
		{D4373FB1-E0CF-4CBF-B253-4F14CC93E8EB}.Release|Any CPU.ActiveCfg = Release|Any CPU
		{D4373FB1-E0CF-4CBF-B253-4F14CC93E8EB}.Release|Any CPU.Build.0 = Release|Any CPU
	EndGlobalSection
	GlobalSection(SolutionProperties) = preSolution
		HideSolutionNode = FALSE
	EndGlobalSection
	GlobalSection(ExtensibilityGlobals) = postSolution
		SolutionGuid = {CCB9FE17-B909-482E-8AD2-05A24ACE5E5C}
	EndGlobalSection
EndGlobal
